PODS:
  - Flutter (1.0.0)
  - swift_flutter_gallary_plugin (0.0.1):
    - Flutter

DEPENDENCIES:
  - Flutter (from `Flutter`)
  - swift_flutter_gallary_plugin (from `.symlinks/plugins/swift_flutter_gallary_plugin/ios`)

EXTERNAL SOURCES:
  Flutter:
    :path: Flutter
  swift_flutter_gallary_plugin:
    :path: ".symlinks/plugins/swift_flutter_gallary_plugin/ios"

SPEC CHECKSUMS:
  Flutter: 0e3d915762c693b495b44d77113d4970485de6ec
  swift_flutter_gallary_plugin: a7cdb9e39c4cba09334732ec56726a38e5a0018b

PODFILE CHECKSUM: aafe91acc616949ddb318b77800a7f51bffa2a4c

COCOAPODS: 1.9.3
